
Microsoft Visual Studio Solution File, Format Version 12.00
# Visual Studio Version 17
VisualStudioVersion = 17.4.33213.308
MinimumVisualStudioVersion = 10.0.40219.1
Project("{FAE04EC0-301F-11D3-BF4B-00C04F79EFBC}") = "P328Pustok", "P328Pustok\P328Pustok.csproj", "{4E3A4758-B99D-40F3-8248-8F2E5263D5AB}"
EndProject
Global
	GlobalSection(SolutionConfigurationPlatforms) = preSolution
		Debug|Any CPU = Debug|Any CPU
		Release|Any CPU = Release|Any CPU
	EndGlobalSection
	GlobalSection(ProjectConfigurationPlatforms) = postSolution
		{4E3A4758-B99D-40F3-8248-8F2E5263D5AB}.Debug|Any CPU.ActiveCfg = Debug|Any CPU
		{4E3A4758-B99D-40F3-8248-8F2E5263D5AB}.Debug|Any CPU.Build.0 = Debug|Any CPU
		{4E3A4758-B99D-40F3-8248-8F2E5263D5AB}.Release|Any CPU.ActiveCfg = Release|Any CPU
		{4E3A4758-B99D-40F3-8248-8F2E5263D5AB}.Release|Any CPU.Build.0 = Release|Any CPU
	EndGlobalSection
	GlobalSection(SolutionProperties) = preSolution
		HideSolutionNode = FALSE
	EndGlobalSection
	GlobalSection(ExtensibilityGlobals) = postSolution
		SolutionGuid = {BCF22713-E303-4AF6-AF09-187DF9D21A35}
	EndGlobalSection
EndGlobal
